
Microsoft Visual Studio Solution File, Format Version 12.00
# Visual Studio Version 16
VisualStudioVersion = 16.0.29519.87
MinimumVisualStudioVersion = 10.0.40219.1
Project("{FAE04EC0-301F-11D3-BF4B-00C04F79EFBC}") = "SimpleNeuralNetwork", "SimpleNeuralNetwork.csproj", "{81619688-A187-4B3D-B5BF-B7B6EAB2983B}"
EndProject
Global
	GlobalSection(SolutionConfigurationPlatforms) = preSolution
		Debug|Any CPU = Debug|Any CPU
		Release|Any CPU = Release|Any CPU
	EndGlobalSection
	GlobalSection(ProjectConfigurationPlatforms) = postSolution
		{81619688-A187-4B3D-B5BF-B7B6EAB2983B}.Debug|Any CPU.ActiveCfg = Debug|Any CPU
		{81619688-A187-4B3D-B5BF-B7B6EAB2983B}.Debug|Any CPU.Build.0 = Debug|Any CPU
		{81619688-A187-4B3D-B5BF-B7B6EAB2983B}.Release|Any CPU.ActiveCfg = Release|Any CPU
		{81619688-A187-4B3D-B5BF-B7B6EAB2983B}.Release|Any CPU.Build.0 = Release|Any CPU
	EndGlobalSection
	GlobalSection(SolutionProperties) = preSolution
		HideSolutionNode = FALSE
	EndGlobalSection
	GlobalSection(ExtensibilityGlobals) = postSolution
		SolutionGuid = {D2E61839-F3D8-48B9-86ED-AEDAD88E541E}
	EndGlobalSection
EndGlobal
